
Microsoft Visual Studio Solution File, Format Version 12.00
# Visual Studio Version 16
VisualStudioVersion = 16.0.30011.22
MinimumVisualStudioVersion = 10.0.40219.1
Project("{FAE04EC0-301F-11D3-BF4B-00C04F79EFBC}") = "Calculadora", "WindowsFormsApp1\Calculadora.csproj", "{B1441291-DAF4-4E44-92AA-4D4A4B89827F}"
EndProject
Global
	GlobalSection(SolutionConfigurationPlatforms) = preSolution
		Debug|Any CPU = Debug|Any CPU
		Release|Any CPU = Release|Any CPU
	EndGlobalSection
	GlobalSection(ProjectConfigurationPlatforms) = postSolution
		{B1441291-DAF4-4E44-92AA-4D4A4B89827F}.Debug|Any CPU.ActiveCfg = Debug|Any CPU
		{B1441291-DAF4-4E44-92AA-4D4A4B89827F}.Debug|Any CPU.Build.0 = Debug|Any CPU
		{B1441291-DAF4-4E44-92AA-4D4A4B89827F}.Release|Any CPU.ActiveCfg = Release|Any CPU
		{B1441291-DAF4-4E44-92AA-4D4A4B89827F}.Release|Any CPU.Build.0 = Release|Any CPU
	EndGlobalSection
	GlobalSection(SolutionProperties) = preSolution
		HideSolutionNode = FALSE
	EndGlobalSection
	GlobalSection(ExtensibilityGlobals) = postSolution
		SolutionGuid = {9FAF954E-E0E2-40DA-A32A-E108944B7A86}
	EndGlobalSection
EndGlobal
